
Microsoft Visual Studio Solution File, Format Version 12.00
# Visual Studio 15
VisualStudioVersion = 15.0.27004.2002
MinimumVisualStudioVersion = 10.0.40219.1
Project("{FAE04EC0-301F-11D3-BF4B-00C04F79EFBC}") = "NetCorePublishTool", "NetCorePublishTool\NetCorePublishTool.csproj", "{BA334DB4-FCF9-42AE-A3B4-87C5605E0BE2}"
EndProject
Project("{FAE04EC0-301F-11D3-BF4B-00C04F79EFBC}") = "DecompilationAndroidManifest", "DecompilationAndroidManifest\DecompilationAndroidManifest.csproj", "{B04BDC21-C50D-47DD-8CD5-C1733FE5833E}"
EndProject
Project("{FAE04EC0-301F-11D3-BF4B-00C04F79EFBC}") = "ECode", "ECode\ECode.csproj", "{720054C6-85AF-46C7-BEFC-43DE53C08B7C}"
EndProject
Project("{FAE04EC0-301F-11D3-BF4B-00C04F79EFBC}") = "ERegex", "ERegex\ERegex.csproj", "{1F9D84A8-6DD5-4664-9E18-CB38798FC26A}"
EndProject
Project("{FAE04EC0-301F-11D3-BF4B-00C04F79EFBC}") = "ToNative", "ToNative\ToNative.csproj", "{7E3128E5-B1DB-4406-9A23-B7C4D16CC583}"
EndProject
Project("{FAE04EC0-301F-11D3-BF4B-00C04F79EFBC}") = "ECode.Common", "ECode.Common\ECode.Common.csproj", "{0D1E2FAF-38A2-4387-81B2-8F6B16002D2D}"
EndProject
Global
	GlobalSection(SolutionConfigurationPlatforms) = preSolution
		Debug|Any CPU = Debug|Any CPU
		Release|Any CPU = Release|Any CPU
	EndGlobalSection
	GlobalSection(ProjectConfigurationPlatforms) = postSolution
		{BA334DB4-FCF9-42AE-A3B4-87C5605E0BE2}.Debug|Any CPU.ActiveCfg = Debug|Any CPU
		{BA334DB4-FCF9-42AE-A3B4-87C5605E0BE2}.Debug|Any CPU.Build.0 = Debug|Any CPU
		{BA334DB4-FCF9-42AE-A3B4-87C5605E0BE2}.Release|Any CPU.ActiveCfg = Release|Any CPU
		{BA334DB4-FCF9-42AE-A3B4-87C5605E0BE2}.Release|Any CPU.Build.0 = Release|Any CPU
		{B04BDC21-C50D-47DD-8CD5-C1733FE5833E}.Debug|Any CPU.ActiveCfg = Debug|Any CPU
		{B04BDC21-C50D-47DD-8CD5-C1733FE5833E}.Debug|Any CPU.Build.0 = Debug|Any CPU
		{B04BDC21-C50D-47DD-8CD5-C1733FE5833E}.Release|Any CPU.ActiveCfg = Release|Any CPU
		{B04BDC21-C50D-47DD-8CD5-C1733FE5833E}.Release|Any CPU.Build.0 = Release|Any CPU
		{720054C6-85AF-46C7-BEFC-43DE53C08B7C}.Debug|Any CPU.ActiveCfg = Debug|Any CPU
		{720054C6-85AF-46C7-BEFC-43DE53C08B7C}.Debug|Any CPU.Build.0 = Debug|Any CPU
		{720054C6-85AF-46C7-BEFC-43DE53C08B7C}.Release|Any CPU.ActiveCfg = Release|Any CPU
		{720054C6-85AF-46C7-BEFC-43DE53C08B7C}.Release|Any CPU.Build.0 = Release|Any CPU
		{1F9D84A8-6DD5-4664-9E18-CB38798FC26A}.Debug|Any CPU.ActiveCfg = Debug|Any CPU
		{1F9D84A8-6DD5-4664-9E18-CB38798FC26A}.Debug|Any CPU.Build.0 = Debug|Any CPU
		{1F9D84A8-6DD5-4664-9E18-CB38798FC26A}.Release|Any CPU.ActiveCfg = Release|Any CPU
		{1F9D84A8-6DD5-4664-9E18-CB38798FC26A}.Release|Any CPU.Build.0 = Release|Any CPU
		{7E3128E5-B1DB-4406-9A23-B7C4D16CC583}.Debug|Any CPU.ActiveCfg = Debug|Any CPU
		{7E3128E5-B1DB-4406-9A23-B7C4D16CC583}.Debug|Any CPU.Build.0 = Debug|Any CPU
		{7E3128E5-B1DB-4406-9A23-B7C4D16CC583}.Release|Any CPU.ActiveCfg = Release|Any CPU
		{7E3128E5-B1DB-4406-9A23-B7C4D16CC583}.Release|Any CPU.Build.0 = Release|Any CPU
		{0D1E2FAF-38A2-4387-81B2-8F6B16002D2D}.Debug|Any CPU.ActiveCfg = Debug|Any CPU
		{0D1E2FAF-38A2-4387-81B2-8F6B16002D2D}.Debug|Any CPU.Build.0 = Debug|Any CPU
		{0D1E2FAF-38A2-4387-81B2-8F6B16002D2D}.Release|Any CPU.ActiveCfg = Release|Any CPU
		{0D1E2FAF-38A2-4387-81B2-8F6B16002D2D}.Release|Any CPU.Build.0 = Release|Any CPU
	EndGlobalSection
	GlobalSection(SolutionProperties) = preSolution
		HideSolutionNode = FALSE
	EndGlobalSection
	GlobalSection(ExtensibilityGlobals) = postSolution
		SolutionGuid = {10BDD255-EE56-47F2-AB5D-658348D2263C}
	EndGlobalSection
EndGlobal
